// !$*UTF8*$!
{
	archiveVersion = 1;
	classes = {
	};
	objectVersion = 55;
	objects = {

/* Begin PBXBuildFile section */
		2F0E7D1127CF693900145FB3 /* Card.swift in Sources */ = {isa = PBXBuildFile; fileRef = 2F0E7D1027CF693900145FB3 /* Card.swift */; };
		2F0E7D1427CF6BE700145FB3 /* CardsViewModel.swift in Sources */ = {isa = PBXBuildFile; fileRef = 2F0E7D1327CF6BE700145FB3 /* CardsViewModel.swift */; };
		2F0F885427BF7F0800784BBD /* CreateFileViewModel.swift in Sources */ = {isa = PBXBuildFile; fileRef = 2F0F885327BF7F0800784BBD /* CreateFileViewModel.swift */; };
		2F2AD6AA27C75048009AAC2A /* CardsView.swift in Sources */ = {isa = PBXBuildFile; fileRef = 2F2AD6A927C75048009AAC2A /* CardsView.swift */; };
		2F2AD6AD27C75790009AAC2A /* SwiftUIPager in Frameworks */ = {isa = PBXBuildFile; productRef = 2F2AD6AC27C75790009AAC2A /* SwiftUIPager */; };
		2F2D069E27CC9BAD00B30299 /* AddView.swift in Sources */ = {isa = PBXBuildFile; fileRef = 2F2D069D27CC9BAD00B30299 /* AddView.swift */; };
		2F4310E027BA2599002E0ACC /* SwiftUILearningApp.swift in Sources */ = {isa = PBXBuildFile; fileRef = 2F4310DF27BA2599002E0ACC /* SwiftUILearningApp.swift */; };
		2F4310E227BA2599002E0ACC /* ContentView.swift in Sources */ = {isa = PBXBuildFile; fileRef = 2F4310E127BA2599002E0ACC /* ContentView.swift */; };
		2F4310E427BA259B002E0ACC /* Assets.xcassets in Resources */ = {isa = PBXBuildFile; fileRef = 2F4310E327BA259B002E0ACC /* Assets.xcassets */; };
		2F4310E727BA259B002E0ACC /* Preview Assets.xcassets in Resources */ = {isa = PBXBuildFile; fileRef = 2F4310E627BA259B002E0ACC /* Preview Assets.xcassets */; };
		2F4310EF27BA2D78002E0ACC /* APIService.swift in Sources */ = {isa = PBXBuildFile; fileRef = 2F4310EE27BA2D78002E0ACC /* APIService.swift */; };
		2F4310F227BA2F84002E0ACC /* Expenses.swift in Sources */ = {isa = PBXBuildFile; fileRef = 2F4310F127BA2F84002E0ACC /* Expenses.swift */; };
		2F4310F527BA320C002E0ACC /* ExpensesView.swift in Sources */ = {isa = PBXBuildFile; fileRef = 2F4310F427BA320C002E0ACC /* ExpensesView.swift */; };
		2F4310F827BA32D7002E0ACC /* ExpensesViewModel.swift in Sources */ = {isa = PBXBuildFile; fileRef = 2F4310F727BA32D7002E0ACC /* ExpensesViewModel.swift */; };
		2F4310FA27BA3AC5002E0ACC /* DetailExpensesView.swift in Sources */ = {isa = PBXBuildFile; fileRef = 2F4310F927BA3AC5002E0ACC /* DetailExpensesView.swift */; };
		2F73A1D527D44F6A005368BB /* CoreDataService.swift in Sources */ = {isa = PBXBuildFile; fileRef = 2F73A1D427D44F6A005368BB /* CoreDataService.swift */; };
		2F73A1D727D45590005368BB /* AddCard.swift in Sources */ = {isa = PBXBuildFile; fileRef = 2F73A1D627D45590005368BB /* AddCard.swift */; };
		2F73A1DB27D46792005368BB /* AppInternalStorage.xcdatamodeld in Sources */ = {isa = PBXBuildFile; fileRef = 2F73A1D927D46792005368BB /* AppInternalStorage.xcdatamodeld */; };
		2FAB6E9827C36874003146D7 /* HomeTabView.swift in Sources */ = {isa = PBXBuildFile; fileRef = 2FAB6E9727C36874003146D7 /* HomeTabView.swift */; };
		2FAB6E9A27C36B4D003146D7 /* HomeTabViewModel.swift in Sources */ = {isa = PBXBuildFile; fileRef = 2FAB6E9927C36B4D003146D7 /* HomeTabViewModel.swift */; };
		2FB3986327BE30F500A1CB84 /* FilterView.swift in Sources */ = {isa = PBXBuildFile; fileRef = 2FB3986227BE30F500A1CB84 /* FilterView.swift */; };
		2FB3986527BE323400A1CB84 /* CreateFileView.swift in Sources */ = {isa = PBXBuildFile; fileRef = 2FB3986427BE323400A1CB84 /* CreateFileView.swift */; };
		2FB3986727BE3C2300A1CB84 /* FilterViewModel.swift in Sources */ = {isa = PBXBuildFile; fileRef = 2FB3986627BE3C2300A1CB84 /* FilterViewModel.swift */; };
		2FB3986927BE4A3200A1CB84 /* Filter.swift in Sources */ = {isa = PBXBuildFile; fileRef = 2FB3986827BE4A3200A1CB84 /* Filter.swift */; };
		2FB6664B27C8B0DE00E29141 /* SettingsIView.swift in Sources */ = {isa = PBXBuildFile; fileRef = 2FB6664A27C8B0DE00E29141 /* SettingsIView.swift */; };
		2FB6664E27C8C97600E29141 /* RoundedCornersShape.swift in Sources */ = {isa = PBXBuildFile; fileRef = 2FB6664D27C8C97600E29141 /* RoundedCornersShape.swift */; };
		2FB6665027C8C9B000E29141 /* ImagePicker.swift in Sources */ = {isa = PBXBuildFile; fileRef = 2FB6664F27C8C9B000E29141 /* ImagePicker.swift */; };
		2FC11AA027C4C25F008E4816 /* Receipts.swift in Sources */ = {isa = PBXBuildFile; fileRef = 2FC11A9F27C4C25F008E4816 /* Receipts.swift */; };
		2FC11AA327C4C5FA008E4816 /* ReceiptsViewModel.swift in Sources */ = {isa = PBXBuildFile; fileRef = 2FC11AA227C4C5FA008E4816 /* ReceiptsViewModel.swift */; };
		2FD1366127D6102A006CB16F /* CreditCardExpenses+CoreDataClass.swift in Sources */ = {isa = PBXBuildFile; fileRef = 2FD1365D27D6102A006CB16F /* CreditCardExpenses+CoreDataClass.swift */; };
		2FD1366227D6102A006CB16F /* CreditCardExpenses+CoreDataProperties.swift in Sources */ = {isa = PBXBuildFile; fileRef = 2FD1365E27D6102A006CB16F /* CreditCardExpenses+CoreDataProperties.swift */; };
		2FD1366327D6102A006CB16F /* CreditCard+CoreDataClass.swift in Sources */ = {isa = PBXBuildFile; fileRef = 2FD1365F27D6102A006CB16F /* CreditCard+CoreDataClass.swift */; };
		2FD1366427D6102A006CB16F /* CreditCard+CoreDataProperties.swift in Sources */ = {isa = PBXBuildFile; fileRef = 2FD1366027D6102A006CB16F /* CreditCard+CoreDataProperties.swift */; };
		2FD4A16827C4B2B3003C4D67 /* ReceiptsView.swift in Sources */ = {isa = PBXBuildFile; fileRef = 2FD4A16727C4B2B3003C4D67 /* ReceiptsView.swift */; };
		2FF3B25D27CDD61200945A79 /* AddViewModel.swift in Sources */ = {isa = PBXBuildFile; fileRef = 2FF3B25C27CDD61200945A79 /* AddViewModel.swift */; };
/* End PBXBuildFile section */

/* Begin PBXFileReference section */
		2F0E7D1027CF693900145FB3 /* Card.swift */ = {isa = PBXFileReference; lastKnownFileType = sourcecode.swift; path = Card.swift; sourceTree = "<group>"; };
		2F0E7D1327CF6BE700145FB3 /* CardsViewModel.swift */ = {isa = PBXFileReference; lastKnownFileType = sourcecode.swift; path = CardsViewModel.swift; sourceTree = "<group>"; };
		2F0F885327BF7F0800784BBD /* CreateFileViewModel.swift */ = {isa = PBXFileReference; lastKnownFileType = sourcecode.swift; path = CreateFileViewModel.swift; sourceTree = "<group>"; };
		2F2AD6A927C75048009AAC2A /* CardsView.swift */ = {isa = PBXFileReference; lastKnownFileType = sourcecode.swift; path = CardsView.swift; sourceTree = "<group>"; };
		2F2D069D27CC9BAD00B30299 /* AddView.swift */ = {isa = PBXFileReference; lastKnownFileType = sourcecode.swift; path = AddView.swift; sourceTree = "<group>"; };
		2F4310DC27BA2599002E0ACC /* SwiftUILearning.app */ = {isa = PBXFileReference; explicitFileType = wrapper.application; includeInIndex = 0; path = SwiftUILearning.app; sourceTree = BUILT_PRODUCTS_DIR; };
		2F4310DF27BA2599002E0ACC /* SwiftUILearningApp.swift */ = {isa = PBXFileReference; lastKnownFileType = sourcecode.swift; path = SwiftUILearningApp.swift; sourceTree = "<group>"; };
		2F4310E127BA2599002E0ACC /* ContentView.swift */ = {isa = PBXFileReference; lastKnownFileType = sourcecode.swift; path = ContentView.swift; sourceTree = "<group>"; };
		2F4310E327BA259B002E0ACC /* Assets.xcassets */ = {isa = PBXFileReference; lastKnownFileType = folder.assetcatalog; path = Assets.xcassets; sourceTree = "<group>"; };
		2F4310E627BA259B002E0ACC /* Preview Assets.xcassets */ = {isa = PBXFileReference; lastKnownFileType = folder.assetcatalog; path = "Preview Assets.xcassets"; sourceTree = "<group>"; };
		2F4310EE27BA2D78002E0ACC /* APIService.swift */ = {isa = PBXFileReference; lastKnownFileType = sourcecode.swift; path = APIService.swift; sourceTree = "<group>"; };
		2F4310F127BA2F84002E0ACC /* Expenses.swift */ = {isa = PBXFileReference; lastKnownFileType = sourcecode.swift; path = Expenses.swift; sourceTree = "<group>"; };
		2F4310F427BA320C002E0ACC /* ExpensesView.swift */ = {isa = PBXFileReference; lastKnownFileType = sourcecode.swift; path = ExpensesView.swift; sourceTree = "<group>"; };
		2F4310F727BA32D7002E0ACC /* ExpensesViewModel.swift */ = {isa = PBXFileReference; lastKnownFileType = sourcecode.swift; path = ExpensesViewModel.swift; sourceTree = "<group>"; };
		2F4310F927BA3AC5002E0ACC /* DetailExpensesView.swift */ = {isa = PBXFileReference; lastKnownFileType = sourcecode.swift; path = DetailExpensesView.swift; sourceTree = "<group>"; };
		2F73A1D427D44F6A005368BB /* CoreDataService.swift */ = {isa = PBXFileReference; lastKnownFileType = sourcecode.swift; path = CoreDataService.swift; sourceTree = "<group>"; };
		2F73A1D627D45590005368BB /* AddCard.swift */ = {isa = PBXFileReference; lastKnownFileType = sourcecode.swift; path = AddCard.swift; sourceTree = "<group>"; };
		2F73A1DA27D46792005368BB /* AppInternalStorage.xcdatamodel */ = {isa = PBXFileReference; lastKnownFileType = wrapper.xcdatamodel; path = AppInternalStorage.xcdatamodel; sourceTree = "<group>"; };
		2FAB6E9727C36874003146D7 /* HomeTabView.swift */ = {isa = PBXFileReference; lastKnownFileType = sourcecode.swift; path = HomeTabView.swift; sourceTree = "<group>"; };
		2FAB6E9927C36B4D003146D7 /* HomeTabViewModel.swift */ = {isa = PBXFileReference; lastKnownFileType = sourcecode.swift; path = HomeTabViewModel.swift; sourceTree = "<group>"; };
		2FB3986227BE30F500A1CB84 /* FilterView.swift */ = {isa = PBXFileReference; lastKnownFileType = sourcecode.swift; path = FilterView.swift; sourceTree = "<group>"; };
		2FB3986427BE323400A1CB84 /* CreateFileView.swift */ = {isa = PBXFileReference; lastKnownFileType = sourcecode.swift; path = CreateFileView.swift; sourceTree = "<group>"; };
		2FB3986627BE3C2300A1CB84 /* FilterViewModel.swift */ = {isa = PBXFileReference; lastKnownFileType = sourcecode.swift; path = FilterViewModel.swift; sourceTree = "<group>"; };
		2FB3986827BE4A3200A1CB84 /* Filter.swift */ = {isa = PBXFileReference; lastKnownFileType = sourcecode.swift; path = Filter.swift; sourceTree = "<group>"; };
		2FB6664A27C8B0DE00E29141 /* SettingsIView.swift */ = {isa = PBXFileReference; lastKnownFileType = sourcecode.swift; path = SettingsIView.swift; sourceTree = "<group>"; };
		2FB6664D27C8C97600E29141 /* RoundedCornersShape.swift */ = {isa = PBXFileReference; lastKnownFileType = sourcecode.swift; path = RoundedCornersShape.swift; sourceTree = "<group>"; };
		2FB6664F27C8C9B000E29141 /* ImagePicker.swift */ = {isa = PBXFileReference; lastKnownFileType = sourcecode.swift; path = ImagePicker.swift; sourceTree = "<group>"; };
		2FC11A9F27C4C25F008E4816 /* Receipts.swift */ = {isa = PBXFileReference; lastKnownFileType = sourcecode.swift; path = Receipts.swift; sourceTree = "<group>"; };
		2FC11AA227C4C5FA008E4816 /* ReceiptsViewModel.swift */ = {isa = PBXFileReference; lastKnownFileType = sourcecode.swift; path = ReceiptsViewModel.swift; sourceTree = "<group>"; };
		2FD1365D27D6102A006CB16F /* CreditCardExpenses+CoreDataClass.swift */ = {isa = PBXFileReference; lastKnownFileType = sourcecode.swift; name = "CreditCardExpenses+CoreDataClass.swift"; path = "SwiftUILearning/CreditCardExpenses+CoreDataClass.swift"; sourceTree = SOURCE_ROOT; };
		2FD1365E27D6102A006CB16F /* CreditCardExpenses+CoreDataProperties.swift */ = {isa = PBXFileReference; lastKnownFileType = sourcecode.swift; name = "CreditCardExpenses+CoreDataProperties.swift"; path = "SwiftUILearning/CreditCardExpenses+CoreDataProperties.swift"; sourceTree = SOURCE_ROOT; };
		2FD1365F27D6102A006CB16F /* CreditCard+CoreDataClass.swift */ = {isa = PBXFileReference; lastKnownFileType = sourcecode.swift; name = "CreditCard+CoreDataClass.swift"; path = "SwiftUILearning/CreditCard+CoreDataClass.swift"; sourceTree = SOURCE_ROOT; };
		2FD1366027D6102A006CB16F /* CreditCard+CoreDataProperties.swift */ = {isa = PBXFileReference; lastKnownFileType = sourcecode.swift; name = "CreditCard+CoreDataProperties.swift"; path = "SwiftUILearning/CreditCard+CoreDataProperties.swift"; sourceTree = SOURCE_ROOT; };
		2FD4A16727C4B2B3003C4D67 /* ReceiptsView.swift */ = {isa = PBXFileReference; lastKnownFileType = sourcecode.swift; path = ReceiptsView.swift; sourceTree = "<group>"; };
		2FF3B25C27CDD61200945A79 /* AddViewModel.swift */ = {isa = PBXFileReference; lastKnownFileType = sourcecode.swift; path = AddViewModel.swift; sourceTree = "<group>"; };
/* End PBXFileReference section */

/* Begin PBXFrameworksBuildPhase section */
		2F4310D927BA2599002E0ACC /* Frameworks */ = {
			isa = PBXFrameworksBuildPhase;
			buildActionMask = 2147483647;
			files = (
				2F2AD6AD27C75790009AAC2A /* SwiftUIPager in Frameworks */,
			);
			runOnlyForDeploymentPostprocessing = 0;
		};
/* End PBXFrameworksBuildPhase section */

/* Begin PBXGroup section */
		2F0E7D1227CF6BD500145FB3 /* Cards */ = {
			isa = PBXGroup;
			children = (
				2F0E7D1327CF6BE700145FB3 /* CardsViewModel.swift */,
			);
			path = Cards;
			sourceTree = "<group>";
		};
		2F24385527D60DA5004C6F66 /* Card */ = {
			isa = PBXGroup;
			children = (
				2FD1365D27D6102A006CB16F /* CreditCardExpenses+CoreDataClass.swift */,
				2FD1365E27D6102A006CB16F /* CreditCardExpenses+CoreDataProperties.swift */,
				2FD1365F27D6102A006CB16F /* CreditCard+CoreDataClass.swift */,
				2FD1366027D6102A006CB16F /* CreditCard+CoreDataProperties.swift */,
			);
			path = Card;
			sourceTree = "<group>";
		};
		2F2AD6A827C7502B009AAC2A /* Cards */ = {
			isa = PBXGroup;
			children = (
				2F2AD6A927C75048009AAC2A /* CardsView.swift */,
				2F73A1D627D45590005368BB /* AddCard.swift */,
			);
			path = Cards;
			sourceTree = "<group>";
		};
		2F4310D327BA2599002E0ACC = {
			isa = PBXGroup;
			children = (
				2F4310DE27BA2599002E0ACC /* SwiftUILearning */,
				2F4310DD27BA2599002E0ACC /* Products */,
			);
			sourceTree = "<group>";
		};
		2F4310DD27BA2599002E0ACC /* Products */ = {
			isa = PBXGroup;
			children = (
				2F4310DC27BA2599002E0ACC /* SwiftUILearning.app */,
			);
			name = Products;
			sourceTree = "<group>";
		};
		2F4310DE27BA2599002E0ACC /* SwiftUILearning */ = {
			isa = PBXGroup;
			children = (
				2F4310F627BA32BD002E0ACC /* VIewModels */,
				2F4310F327BA3186002E0ACC /* Views */,
				2F4310F027BA2F68002E0ACC /* Models */,
				2F4310ED27BA2D5A002E0ACC /* Services */,
				2FB6664C27C8C94100E29141 /* Helpers */,
				2F73A1D027D44DE2005368BB /* Resources */,
				2F4310DF27BA2599002E0ACC /* SwiftUILearningApp.swift */,
				2F4310E127BA2599002E0ACC /* ContentView.swift */,
				2F4310E327BA259B002E0ACC /* Assets.xcassets */,
				2F4310E527BA259B002E0ACC /* Preview Content */,
			);
			path = SwiftUILearning;
			sourceTree = "<group>";
		};
		2F4310E527BA259B002E0ACC /* Preview Content */ = {
			isa = PBXGroup;
			children = (
				2F4310E627BA259B002E0ACC /* Preview Assets.xcassets */,
			);
			path = "Preview Content";
			sourceTree = "<group>";
		};
		2F4310ED27BA2D5A002E0ACC /* Services */ = {
			isa = PBXGroup;
			children = (
				2F4310EE27BA2D78002E0ACC /* APIService.swift */,
				2F73A1D427D44F6A005368BB /* CoreDataService.swift */,
			);
			path = Services;
			sourceTree = "<group>";
		};
		2F4310F027BA2F68002E0ACC /* Models */ = {
			isa = PBXGroup;
			children = (
				2F24385527D60DA5004C6F66 /* Card */,
				2F4310F127BA2F84002E0ACC /* Expenses.swift */,
				2FB3986827BE4A3200A1CB84 /* Filter.swift */,
				2FC11A9F27C4C25F008E4816 /* Receipts.swift */,
				2F0E7D1027CF693900145FB3 /* Card.swift */,
			);
			path = Models;
			sourceTree = "<group>";
		};
		2F4310F327BA3186002E0ACC /* Views */ = {
			isa = PBXGroup;
			children = (
				2FB6664927C8B0C500E29141 /* Settings */,
				2F2AD6A827C7502B009AAC2A /* Cards */,
				2FD4A16627C4B281003C4D67 /* Receipts */,
				2FAB6E9527C367B6003146D7 /* Expenses */,
				2FAB6E9727C36874003146D7 /* HomeTabView.swift */,
				2F2D069D27CC9BAD00B30299 /* AddView.swift */,
			);
			path = Views;
			sourceTree = "<group>";
		};
		2F4310F627BA32BD002E0ACC /* VIewModels */ = {
			isa = PBXGroup;
			children = (
				2F0E7D1227CF6BD500145FB3 /* Cards */,
				2FC11AA127C4C5DF008E4816 /* Receipts */,
				2FAB6E9627C36813003146D7 /* Expenses */,
				2FAB6E9927C36B4D003146D7 /* HomeTabViewModel.swift */,
				2FF3B25C27CDD61200945A79 /* AddViewModel.swift */,
			);
			path = VIewModels;
			sourceTree = "<group>";
		};
		2F73A1D027D44DE2005368BB /* Resources */ = {
			isa = PBXGroup;
			children = (
				2F73A1D927D46792005368BB /* AppInternalStorage.xcdatamodeld */,
			);
			path = Resources;
			sourceTree = "<group>";
		};
		2FAB6E9527C367B6003146D7 /* Expenses */ = {
			isa = PBXGroup;
			children = (
				2F4310F427BA320C002E0ACC /* ExpensesView.swift */,
				2F4310F927BA3AC5002E0ACC /* DetailExpensesView.swift */,
				2FB3986227BE30F500A1CB84 /* FilterView.swift */,
				2FB3986427BE323400A1CB84 /* CreateFileView.swift */,
			);
			path = Expenses;
			sourceTree = "<group>";
		};
		2FAB6E9627C36813003146D7 /* Expenses */ = {
			isa = PBXGroup;
			children = (
				2F4310F727BA32D7002E0ACC /* ExpensesViewModel.swift */,
				2FB3986627BE3C2300A1CB84 /* FilterViewModel.swift */,
				2F0F885327BF7F0800784BBD /* CreateFileViewModel.swift */,
			);
			path = Expenses;
			sourceTree = "<group>";
		};
		2FB6664927C8B0C500E29141 /* Settings */ = {
			isa = PBXGroup;
			children = (
				2FB6664A27C8B0DE00E29141 /* SettingsIView.swift */,
			);
			path = Settings;
			sourceTree = "<group>";
		};
		2FB6664C27C8C94100E29141 /* Helpers */ = {
			isa = PBXGroup;
			children = (
				2FB6664D27C8C97600E29141 /* RoundedCornersShape.swift */,
				2FB6664F27C8C9B000E29141 /* ImagePicker.swift */,
			);
			path = Helpers;
			sourceTree = "<group>";
		};
		2FC11AA127C4C5DF008E4816 /* Receipts */ = {
			isa = PBXGroup;
			children = (
				2FC11AA227C4C5FA008E4816 /* ReceiptsViewModel.swift */,
			);
			path = Receipts;
			sourceTree = "<group>";
		};
		2FD4A16627C4B281003C4D67 /* Receipts */ = {
			isa = PBXGroup;
			children = (
				2FD4A16727C4B2B3003C4D67 /* ReceiptsView.swift */,
			);
			path = Receipts;
			sourceTree = "<group>";
		};
/* End PBXGroup section */

/* Begin PBXNativeTarget section */
		2F4310DB27BA2599002E0ACC /* SwiftUILearning */ = {
			isa = PBXNativeTarget;
			buildConfigurationList = 2F4310EA27BA259B002E0ACC /* Build configuration list for PBXNativeTarget "SwiftUILearning" */;
			buildPhases = (
				2F4310D827BA2599002E0ACC /* Sources */,
				2F4310D927BA2599002E0ACC /* Frameworks */,
				2F4310DA27BA2599002E0ACC /* Resources */,
			);
			buildRules = (
			);
			dependencies = (
			);
			name = SwiftUILearning;
			packageProductDependencies = (
				2F2AD6AC27C75790009AAC2A /* SwiftUIPager */,
			);
			productName = SwiftUILearning;
			productReference = 2F4310DC27BA2599002E0ACC /* SwiftUILearning.app */;
			productType = "com.apple.product-type.application";
		};
/* End PBXNativeTarget section */

/* Begin PBXProject section */
		2F4310D427BA2599002E0ACC /* Project object */ = {
			isa = PBXProject;
			attributes = {
				BuildIndependentTargetsInParallel = 1;
				LastSwiftUpdateCheck = 1310;
				LastUpgradeCheck = 1310;
				TargetAttributes = {
					2F4310DB27BA2599002E0ACC = {
						CreatedOnToolsVersion = 13.1;
					};
				};
			};
			buildConfigurationList = 2F4310D727BA2599002E0ACC /* Build configuration list for PBXProject "SwiftUILearning" */;
			compatibilityVersion = "Xcode 13.0";
			developmentRegion = en;
			hasScannedForEncodings = 0;
			knownRegions = (
				en,
				Base,
			);
			mainGroup = 2F4310D327BA2599002E0ACC;
			packageReferences = (
				2F2AD6AB27C7578F009AAC2A /* XCRemoteSwiftPackageReference "SwiftUIPager" */,
			);
			productRefGroup = 2F4310DD27BA2599002E0ACC /* Products */;
			projectDirPath = "";
			projectRoot = "";
			targets = (
				2F4310DB27BA2599002E0ACC /* SwiftUILearning */,
			);
		};
/* End PBXProject section */

/* Begin PBXResourcesBuildPhase section */
		2F4310DA27BA2599002E0ACC /* Resources */ = {
			isa = PBXResourcesBuildPhase;
			buildActionMask = 2147483647;
			files = (
				2F4310E727BA259B002E0ACC /* Preview Assets.xcassets in Resources */,
				2F4310E427BA259B002E0ACC /* Assets.xcassets in Resources */,
			);
			runOnlyForDeploymentPostprocessing = 0;
		};
/* End PBXResourcesBuildPhase section */

/* Begin PBXSourcesBuildPhase section */
		2F4310D827BA2599002E0ACC /* Sources */ = {
			isa = PBXSourcesBuildPhase;
			buildActionMask = 2147483647;
			files = (
				2F0F885427BF7F0800784BBD /* CreateFileViewModel.swift in Sources */,
				2F4310F227BA2F84002E0ACC /* Expenses.swift in Sources */,
				2F73A1DB27D46792005368BB /* AppInternalStorage.xcdatamodeld in Sources */,
				2F0E7D1427CF6BE700145FB3 /* CardsViewModel.swift in Sources */,
				2FD1366327D6102A006CB16F /* CreditCard+CoreDataClass.swift in Sources */,
				2FB6664E27C8C97600E29141 /* RoundedCornersShape.swift in Sources */,
				2FD1366127D6102A006CB16F /* CreditCardExpenses+CoreDataClass.swift in Sources */,
				2FB6665027C8C9B000E29141 /* ImagePicker.swift in Sources */,
				2FB3986527BE323400A1CB84 /* CreateFileView.swift in Sources */,
				2FAB6E9827C36874003146D7 /* HomeTabView.swift in Sources */,
				2F2D069E27CC9BAD00B30299 /* AddView.swift in Sources */,
				2F0E7D1127CF693900145FB3 /* Card.swift in Sources */,
				2FC11AA027C4C25F008E4816 /* Receipts.swift in Sources */,
				2FF3B25D27CDD61200945A79 /* AddViewModel.swift in Sources */,
				2FD4A16827C4B2B3003C4D67 /* ReceiptsView.swift in Sources */,
				2FB3986927BE4A3200A1CB84 /* Filter.swift in Sources */,
				2FB3986727BE3C2300A1CB84 /* FilterViewModel.swift in Sources */,
				2FB6664B27C8B0DE00E29141 /* SettingsIView.swift in Sources */,
				2FD1366227D6102A006CB16F /* CreditCardExpenses+CoreDataProperties.swift in Sources */,
				2F73A1D527D44F6A005368BB /* CoreDataService.swift in Sources */,
				2F4310F827BA32D7002E0ACC /* ExpensesViewModel.swift in Sources */,
				2F4310E227BA2599002E0ACC /* ContentView.swift in Sources */,
				2F73A1D727D45590005368BB /* AddCard.swift in Sources */,
				2F4310EF27BA2D78002E0ACC /* APIService.swift in Sources */,
				2FB3986327BE30F500A1CB84 /* FilterView.swift in Sources */,
				2F2AD6AA27C75048009AAC2A /* CardsView.swift in Sources */,
				2F4310F527BA320C002E0ACC /* ExpensesView.swift in Sources */,
				2F4310FA27BA3AC5002E0ACC /* DetailExpensesView.swift in Sources */,
				2FC11AA327C4C5FA008E4816 /* ReceiptsViewModel.swift in Sources */,
				2F4310E027BA2599002E0ACC /* SwiftUILearningApp.swift in Sources */,
				2FD1366427D6102A006CB16F /* CreditCard+CoreDataProperties.swift in Sources */,
				2FAB6E9A27C36B4D003146D7 /* HomeTabViewModel.swift in Sources */,
			);
			runOnlyForDeploymentPostprocessing = 0;
		};
/* End PBXSourcesBuildPhase section */

/* Begin XCBuildConfiguration section */
		2F4310E827BA259B002E0ACC /* Debug */ = {
			isa = XCBuildConfiguration;
			buildSettings = {
				ALWAYS_SEARCH_USER_PATHS = NO;
				CLANG_ANALYZER_NONNULL = YES;
				CLANG_ANALYZER_NUMBER_OBJECT_CONVERSION = YES_AGGRESSIVE;
				CLANG_CXX_LANGUAGE_STANDARD = "gnu++17";
				CLANG_CXX_LIBRARY = "libc++";
				CLANG_ENABLE_MODULES = YES;
				CLANG_ENABLE_OBJC_ARC = YES;
				CLANG_ENABLE_OBJC_WEAK = YES;
				CLANG_WARN_BLOCK_CAPTURE_AUTORELEASING = YES;
				CLANG_WARN_BOOL_CONVERSION = YES;
				CLANG_WARN_COMMA = YES;
				CLANG_WARN_CONSTANT_CONVERSION = YES;
				CLANG_WARN_DEPRECATED_OBJC_IMPLEMENTATIONS = YES;
				CLANG_WARN_DIRECT_OBJC_ISA_USAGE = YES_ERROR;
				CLANG_WARN_DOCUMENTATION_COMMENTS = YES;
				CLANG_WARN_EMPTY_BODY = YES;
				CLANG_WARN_ENUM_CONVERSION = YES;
				CLANG_WARN_INFINITE_RECURSION = YES;
				CLANG_WARN_INT_CONVERSION = YES;
				CLANG_WARN_NON_LITERAL_NULL_CONVERSION = YES;
				CLANG_WARN_OBJC_IMPLICIT_RETAIN_SELF = YES;
				CLANG_WARN_OBJC_LITERAL_CONVERSION = YES;
				CLANG_WARN_OBJC_ROOT_CLASS = YES_ERROR;
				CLANG_WARN_QUOTED_INCLUDE_IN_FRAMEWORK_HEADER = YES;
				CLANG_WARN_RANGE_LOOP_ANALYSIS = YES;
				CLANG_WARN_STRICT_PROTOTYPES = YES;
				CLANG_WARN_SUSPICIOUS_MOVE = YES;
				CLANG_WARN_UNGUARDED_AVAILABILITY = YES_AGGRESSIVE;
				CLANG_WARN_UNREACHABLE_CODE = YES;
				CLANG_WARN__DUPLICATE_METHOD_MATCH = YES;
				COPY_PHASE_STRIP = NO;
				DEBUG_INFORMATION_FORMAT = dwarf;
				ENABLE_STRICT_OBJC_MSGSEND = YES;
				ENABLE_TESTABILITY = YES;
				GCC_C_LANGUAGE_STANDARD = gnu11;
				GCC_DYNAMIC_NO_PIC = NO;
				GCC_NO_COMMON_BLOCKS = YES;
				GCC_OPTIMIZATION_LEVEL = 0;
				GCC_PREPROCESSOR_DEFINITIONS = (
					"DEBUG=1",
					"$(inherited)",
				);
				GCC_WARN_64_TO_32_BIT_CONVERSION = YES;
				GCC_WARN_ABOUT_RETURN_TYPE = YES_ERROR;
				GCC_WARN_UNDECLARED_SELECTOR = YES;
				GCC_WARN_UNINITIALIZED_AUTOS = YES_AGGRESSIVE;
				GCC_WARN_UNUSED_FUNCTION = YES;
				GCC_WARN_UNUSED_VARIABLE = YES;
				IPHONEOS_DEPLOYMENT_TARGET = 15.0;
				MTL_ENABLE_DEBUG_INFO = INCLUDE_SOURCE;
				MTL_FAST_MATH = YES;
				ONLY_ACTIVE_ARCH = YES;
				SDKROOT = iphoneos;
				SWIFT_ACTIVE_COMPILATION_CONDITIONS = DEBUG;
				SWIFT_OPTIMIZATION_LEVEL = "-Onone";
			};
			name = Debug;
		};
		2F4310E927BA259B002E0ACC /* Release */ = {
			isa = XCBuildConfiguration;
			buildSettings = {
				ALWAYS_SEARCH_USER_PATHS = NO;
				CLANG_ANALYZER_NONNULL = YES;
				CLANG_ANALYZER_NUMBER_OBJECT_CONVERSION = YES_AGGRESSIVE;
				CLANG_CXX_LANGUAGE_STANDARD = "gnu++17";
				CLANG_CXX_LIBRARY = "libc++";
				CLANG_ENABLE_MODULES = YES;
				CLANG_ENABLE_OBJC_ARC = YES;
				CLANG_ENABLE_OBJC_WEAK = YES;
				CLANG_WARN_BLOCK_CAPTURE_AUTORELEASING = YES;
				CLANG_WARN_BOOL_CONVERSION = YES;
				CLANG_WARN_COMMA = YES;
				CLANG_WARN_CONSTANT_CONVERSION = YES;
				CLANG_WARN_DEPRECATED_OBJC_IMPLEMENTATIONS = YES;
				CLANG_WARN_DIRECT_OBJC_ISA_USAGE = YES_ERROR;
				CLANG_WARN_DOCUMENTATION_COMMENTS = YES;
				CLANG_WARN_EMPTY_BODY = YES;
				CLANG_WARN_ENUM_CONVERSION = YES;
				CLANG_WARN_INFINITE_RECURSION = YES;
				CLANG_WARN_INT_CONVERSION = YES;
				CLANG_WARN_NON_LITERAL_NULL_CONVERSION = YES;
				CLANG_WARN_OBJC_IMPLICIT_RETAIN_SELF = YES;
				CLANG_WARN_OBJC_LITERAL_CONVERSION = YES;
				CLANG_WARN_OBJC_ROOT_CLASS = YES_ERROR;
				CLANG_WARN_QUOTED_INCLUDE_IN_FRAMEWORK_HEADER = YES;
				CLANG_WARN_RANGE_LOOP_ANALYSIS = YES;
				CLANG_WARN_STRICT_PROTOTYPES = YES;
				CLANG_WARN_SUSPICIOUS_MOVE = YES;
				CLANG_WARN_UNGUARDED_AVAILABILITY = YES_AGGRESSIVE;
				CLANG_WARN_UNREACHABLE_CODE = YES;
				CLANG_WARN__DUPLICATE_METHOD_MATCH = YES;
				COPY_PHASE_STRIP = NO;
				DEBUG_INFORMATION_FORMAT = "dwarf-with-dsym";
				ENABLE_NS_ASSERTIONS = NO;
				ENABLE_STRICT_OBJC_MSGSEND = YES;
				GCC_C_LANGUAGE_STANDARD = gnu11;
				GCC_NO_COMMON_BLOCKS = YES;
				GCC_WARN_64_TO_32_BIT_CONVERSION = YES;
				GCC_WARN_ABOUT_RETURN_TYPE = YES_ERROR;
				GCC_WARN_UNDECLARED_SELECTOR = YES;
				GCC_WARN_UNINITIALIZED_AUTOS = YES_AGGRESSIVE;
				GCC_WARN_UNUSED_FUNCTION = YES;
				GCC_WARN_UNUSED_VARIABLE = YES;
				IPHONEOS_DEPLOYMENT_TARGET = 15.0;
				MTL_ENABLE_DEBUG_INFO = NO;
				MTL_FAST_MATH = YES;
				SDKROOT = iphoneos;
				SWIFT_COMPILATION_MODE = wholemodule;
				SWIFT_OPTIMIZATION_LEVEL = "-O";
				VALIDATE_PRODUCT = YES;
			};
			name = Release;
		};
		2F4310EB27BA259B002E0ACC /* Debug */ = {
			isa = XCBuildConfiguration;
			buildSettings = {
				ASSETCATALOG_COMPILER_APPICON_NAME = AppIcon;
				ASSETCATALOG_COMPILER_GLOBAL_ACCENT_COLOR_NAME = AccentColor;
				CODE_SIGN_STYLE = Automatic;
				CURRENT_PROJECT_VERSION = 1;
				DEVELOPMENT_ASSET_PATHS = "\"SwiftUILearning/Preview Content\"";
				DEVELOPMENT_TEAM = 2UWMTCMS4H;
				ENABLE_PREVIEWS = YES;
				GENERATE_INFOPLIST_FILE = YES;
				INFOPLIST_KEY_UIApplicationSceneManifest_Generation = YES;
				INFOPLIST_KEY_UIApplicationSupportsIndirectInputEvents = YES;
				INFOPLIST_KEY_UILaunchScreen_Generation = YES;
				INFOPLIST_KEY_UISupportedInterfaceOrientations_iPad = "UIInterfaceOrientationPortrait UIInterfaceOrientationPortraitUpsideDown UIInterfaceOrientationLandscapeLeft UIInterfaceOrientationLandscapeRight";
				INFOPLIST_KEY_UISupportedInterfaceOrientations_iPhone = "UIInterfaceOrientationPortrait UIInterfaceOrientationLandscapeLeft UIInterfaceOrientationLandscapeRight";
				LD_RUNPATH_SEARCH_PATHS = (
					"$(inherited)",
					"@executable_path/Frameworks",
				);
				MARKETING_VERSION = 1.0;
				PRODUCT_BUNDLE_IDENTIFIER = com.tripmate.SwiftUILearning;
				PRODUCT_NAME = "$(TARGET_NAME)";
				SWIFT_EMIT_LOC_STRINGS = YES;
				SWIFT_VERSION = 5.0;
				TARGETED_DEVICE_FAMILY = "1,2";
			};
			name = Debug;
		};
		2F4310EC27BA259B002E0ACC /* Release */ = {
			isa = XCBuildConfiguration;
			buildSettings = {
				ASSETCATALOG_COMPILER_APPICON_NAME = AppIcon;
				ASSETCATALOG_COMPILER_GLOBAL_ACCENT_COLOR_NAME = AccentColor;
				CODE_SIGN_STYLE = Automatic;
				CURRENT_PROJECT_VERSION = 1;
				DEVELOPMENT_ASSET_PATHS = "\"SwiftUILearning/Preview Content\"";
				DEVELOPMENT_TEAM = 2UWMTCMS4H;
				ENABLE_PREVIEWS = YES;
				GENERATE_INFOPLIST_FILE = YES;
				INFOPLIST_KEY_UIApplicationSceneManifest_Generation = YES;
				INFOPLIST_KEY_UIApplicationSupportsIndirectInputEvents = YES;
				INFOPLIST_KEY_UILaunchScreen_Generation = YES;
				INFOPLIST_KEY_UISupportedInterfaceOrientations_iPad = "UIInterfaceOrientationPortrait UIInterfaceOrientationPortraitUpsideDown UIInterfaceOrientationLandscapeLeft UIInterfaceOrientationLandscapeRight";
				INFOPLIST_KEY_UISupportedInterfaceOrientations_iPhone = "UIInterfaceOrientationPortrait UIInterfaceOrientationLandscapeLeft UIInterfaceOrientationLandscapeRight";
				LD_RUNPATH_SEARCH_PATHS = (
					"$(inherited)",
					"@executable_path/Frameworks",
				);
				MARKETING_VERSION = 1.0;
				PRODUCT_BUNDLE_IDENTIFIER = com.tripmate.SwiftUILearning;
				PRODUCT_NAME = "$(TARGET_NAME)";
				SWIFT_EMIT_LOC_STRINGS = YES;
				SWIFT_VERSION = 5.0;
				TARGETED_DEVICE_FAMILY = "1,2";
			};
			name = Release;
		};
/* End XCBuildConfiguration section */

/* Begin XCConfigurationList section */
		2F4310D727BA2599002E0ACC /* Build configuration list for PBXProject "SwiftUILearning" */ = {
			isa = XCConfigurationList;
			buildConfigurations = (
				2F4310E827BA259B002E0ACC /* Debug */,
				2F4310E927BA259B002E0ACC /* Release */,
			);
			defaultConfigurationIsVisible = 0;
			defaultConfigurationName = Release;
		};
		2F4310EA27BA259B002E0ACC /* Build configuration list for PBXNativeTarget "SwiftUILearning" */ = {
			isa = XCConfigurationList;
			buildConfigurations = (
				2F4310EB27BA259B002E0ACC /* Debug */,
				2F4310EC27BA259B002E0ACC /* Release */,
			);
			defaultConfigurationIsVisible = 0;
			defaultConfigurationName = Release;
		};
/* End XCConfigurationList section */

/* Begin XCRemoteSwiftPackageReference section */
		2F2AD6AB27C7578F009AAC2A /* XCRemoteSwiftPackageReference "SwiftUIPager" */ = {
			isa = XCRemoteSwiftPackageReference;
			repositoryURL = "https://github.com/fermoya/SwiftUIPager.git";
			requirement = {
				kind = upToNextMajorVersion;
				minimumVersion = 2.0.0;
			};
		};
/* End XCRemoteSwiftPackageReference section */

/* Begin XCSwiftPackageProductDependency section */
		2F2AD6AC27C75790009AAC2A /* SwiftUIPager */ = {
			isa = XCSwiftPackageProductDependency;
			package = 2F2AD6AB27C7578F009AAC2A /* XCRemoteSwiftPackageReference "SwiftUIPager" */;
			productName = SwiftUIPager;
		};
/* End XCSwiftPackageProductDependency section */

/* Begin XCVersionGroup section */
		2F73A1D927D46792005368BB /* AppInternalStorage.xcdatamodeld */ = {
			isa = XCVersionGroup;
			children = (
				2F73A1DA27D46792005368BB /* AppInternalStorage.xcdatamodel */,
			);
			currentVersion = 2F73A1DA27D46792005368BB /* AppInternalStorage.xcdatamodel */;
			path = AppInternalStorage.xcdatamodeld;
			sourceTree = "<group>";
			versionGroupType = wrapper.xcdatamodel;
		};
/* End XCVersionGroup section */
	};
	rootObject = 2F4310D427BA2599002E0ACC /* Project object */;
}
